Microsoft Visual Studio Solution File, Format Version 12.00
# Visual Studio Version 17
VisualStudioVersion = 17.5.2.0
MinimumVisualStudioVersion = 10.0.40219.1
Project("{FAE04EC0-301F-11D3-BF4B-00C04F79EFBC}") = "SAEcommerceApp", "SAEcommerceApp.csproj", "{005D66EF-CF68-BBFE-207B-FC2FC264E099}"
EndProject
Global
	GlobalSection(SolutionConfigurationPlatforms) = preSolution
		Debug|Any CPU = Debug|Any CPU
		Release|Any CPU = Release|Any CPU
	EndGlobalSection
	GlobalSection(ProjectConfigurationPlatforms) = postSolution
		{005D66EF-CF68-BBFE-207B-FC2FC264E099}.Debug|Any CPU.ActiveCfg = Debug|Any CPU
		{005D66EF-CF68-BBFE-207B-FC2FC264E099}.Debug|Any CPU.Build.0 = Debug|Any CPU
		{005D66EF-CF68-BBFE-207B-FC2FC264E099}.Release|Any CPU.ActiveCfg = Release|Any CPU
		{005D66EF-CF68-BBFE-207B-FC2FC264E099}.Release|Any CPU.Build.0 = Release|Any CPU
	EndGlobalSection
	GlobalSection(SolutionProperties) = preSolution
		HideSolutionNode = FALSE
	EndGlobalSection
	GlobalSection(ExtensibilityGlobals) = postSolution
		SolutionGuid = {7A2C43AF-0CD5-46B8-A884-17C33E8DBD64}
	EndGlobalSection
EndGlobal
